
Microsoft Visual Studio Solution File, Format Version 12.00
# Visual Studio 15
VisualStudioVersion = 15.0.27004.2010
MinimumVisualStudioVersion = 10.0.40219.1
Project("{FAE04EC0-301F-11D3-BF4B-00C04F79EFBC}") = "Mono.Cecil.20", "Mono.Cecil.20\Mono.Cecil.20.csproj", "{D3785D8B-4D85-4546-8763-47FC848C13E0}"
EndProject
Project("{FAE04EC0-301F-11D3-BF4B-00C04F79EFBC}") = "Mono.Cecil.Pdb", "Mono.Cecil.Pdb\Mono.Cecil.Pdb.csproj", "{CEA7A85F-2523-4AD0-8296-6E8E0A2E6DF7}"
EndProject
Project("{FAE04EC0-301F-11D3-BF4B-00C04F79EFBC}") = "neondebug", "neondebug\neondebug.csproj", "{47CEC62D-0F4A-434D-A621-1B6433D427A4}"
EndProject
Project("{FAE04EC0-301F-11D3-BF4B-00C04F79EFBC}") = "vm", "vm\vm.csproj", "{056130C9-8702-4564-9074-C5E063813CE0}"
EndProject
Project("{2150E333-8FDC-42A3-9474-1A3956D46DE8}") = "baselib", "baselib", "{2DE04F26-6B2B-438B-B25C-F90993555CE3}"
EndProject
Project("{2150E333-8FDC-42A3-9474-1A3956D46DE8}") = "builder", "builder", "{97A1A791-17A3-406F-8CE2-5641884E89B7}"
EndProject
Project("{9A19103F-16F7-4668-BE54-9A1E7A4F7556}") = "httplib2", "httplib2\httplib2.csproj", "{2CF77C10-314D-458C-996B-BD93DC39B5F8}"
EndProject
Project("{9A19103F-16F7-4668-BE54-9A1E7A4F7556}") = "remotebuilderCore", "remotebuilderCore\remotebuilderCore.csproj", "{6106824A-ABAC-4ED5-AA55-62592A698E49}"
EndProject
Project("{FAE04EC0-301F-11D3-BF4B-00C04F79EFBC}") = "extlib", "extlib\extlib.csproj", "{C6C9B19D-CE76-4148-B43E-EB5E8D4AF257}"
EndProject
Global
	GlobalSection(SolutionConfigurationPlatforms) = preSolution
		Debug|Any CPU = Debug|Any CPU
		Release|Any CPU = Release|Any CPU
	EndGlobalSection
	GlobalSection(ProjectConfigurationPlatforms) = postSolution
		{D3785D8B-4D85-4546-8763-47FC848C13E0}.Debug|Any CPU.ActiveCfg = Debug|Any CPU
		{D3785D8B-4D85-4546-8763-47FC848C13E0}.Debug|Any CPU.Build.0 = Debug|Any CPU
		{D3785D8B-4D85-4546-8763-47FC848C13E0}.Release|Any CPU.ActiveCfg = Release|Any CPU
		{D3785D8B-4D85-4546-8763-47FC848C13E0}.Release|Any CPU.Build.0 = Release|Any CPU
		{CEA7A85F-2523-4AD0-8296-6E8E0A2E6DF7}.Debug|Any CPU.ActiveCfg = Debug|Any CPU
		{CEA7A85F-2523-4AD0-8296-6E8E0A2E6DF7}.Debug|Any CPU.Build.0 = Debug|Any CPU
		{CEA7A85F-2523-4AD0-8296-6E8E0A2E6DF7}.Release|Any CPU.ActiveCfg = Release|Any CPU
		{CEA7A85F-2523-4AD0-8296-6E8E0A2E6DF7}.Release|Any CPU.Build.0 = Release|Any CPU
		{47CEC62D-0F4A-434D-A621-1B6433D427A4}.Debug|Any CPU.ActiveCfg = Debug|Any CPU
		{47CEC62D-0F4A-434D-A621-1B6433D427A4}.Debug|Any CPU.Build.0 = Debug|Any CPU
		{47CEC62D-0F4A-434D-A621-1B6433D427A4}.Release|Any CPU.ActiveCfg = Release|Any CPU
		{47CEC62D-0F4A-434D-A621-1B6433D427A4}.Release|Any CPU.Build.0 = Release|Any CPU
		{056130C9-8702-4564-9074-C5E063813CE0}.Debug|Any CPU.ActiveCfg = Debug|Any CPU
		{056130C9-8702-4564-9074-C5E063813CE0}.Debug|Any CPU.Build.0 = Debug|Any CPU
		{056130C9-8702-4564-9074-C5E063813CE0}.Release|Any CPU.ActiveCfg = Release|Any CPU
		{056130C9-8702-4564-9074-C5E063813CE0}.Release|Any CPU.Build.0 = Release|Any CPU
		{2CF77C10-314D-458C-996B-BD93DC39B5F8}.Debug|Any CPU.ActiveCfg = Debug|Any CPU
		{2CF77C10-314D-458C-996B-BD93DC39B5F8}.Debug|Any CPU.Build.0 = Debug|Any CPU
		{2CF77C10-314D-458C-996B-BD93DC39B5F8}.Release|Any CPU.ActiveCfg = Release|Any CPU
		{2CF77C10-314D-458C-996B-BD93DC39B5F8}.Release|Any CPU.Build.0 = Release|Any CPU
		{6106824A-ABAC-4ED5-AA55-62592A698E49}.Debug|Any CPU.ActiveCfg = Debug|Any CPU
		{6106824A-ABAC-4ED5-AA55-62592A698E49}.Debug|Any CPU.Build.0 = Debug|Any CPU
		{6106824A-ABAC-4ED5-AA55-62592A698E49}.Release|Any CPU.ActiveCfg = Release|Any CPU
		{6106824A-ABAC-4ED5-AA55-62592A698E49}.Release|Any CPU.Build.0 = Release|Any CPU
		{C6C9B19D-CE76-4148-B43E-EB5E8D4AF257}.Debug|Any CPU.ActiveCfg = Debug|Any CPU
		{C6C9B19D-CE76-4148-B43E-EB5E8D4AF257}.Debug|Any CPU.Build.0 = Debug|Any CPU
		{C6C9B19D-CE76-4148-B43E-EB5E8D4AF257}.Release|Any CPU.ActiveCfg = Release|Any CPU
		{C6C9B19D-CE76-4148-B43E-EB5E8D4AF257}.Release|Any CPU.Build.0 = Release|Any CPU
	EndGlobalSection
	GlobalSection(SolutionProperties) = preSolution
		HideSolutionNode = FALSE
	EndGlobalSection
	GlobalSection(NestedProjects) = preSolution
		{D3785D8B-4D85-4546-8763-47FC848C13E0} = {2DE04F26-6B2B-438B-B25C-F90993555CE3}
		{CEA7A85F-2523-4AD0-8296-6E8E0A2E6DF7} = {2DE04F26-6B2B-438B-B25C-F90993555CE3}
		{47CEC62D-0F4A-434D-A621-1B6433D427A4} = {97A1A791-17A3-406F-8CE2-5641884E89B7}
		{056130C9-8702-4564-9074-C5E063813CE0} = {2DE04F26-6B2B-438B-B25C-F90993555CE3}
		{2CF77C10-314D-458C-996B-BD93DC39B5F8} = {97A1A791-17A3-406F-8CE2-5641884E89B7}
		{C6C9B19D-CE76-4148-B43E-EB5E8D4AF257} = {2DE04F26-6B2B-438B-B25C-F90993555CE3}
	EndGlobalSection
	GlobalSection(ExtensibilityGlobals) = postSolution
		SolutionGuid = {95BFB98B-18AE-493F-9C35-432D45273C7D}
	EndGlobalSection
EndGlobal
